// !$*UTF8*$!
{
	archiveVersion = 1;
	classes = {
	};
	objectVersion = 55;
	objects = {

/* Begin PBXBuildFile section */
		535E31DC287E98BA0033A102 /* AppDelegate.swift in Sources */ = {isa = PBXBuildFile; fileRef = 535E31DB287E98BA0033A102 /* AppDelegate.swift */; };
		535E31DE287E98BA0033A102 /* SceneDelegate.swift in Sources */ = {isa = PBXBuildFile; fileRef = 535E31DD287E98BA0033A102 /* SceneDelegate.swift */; };
		535E31E0287E98BA0033A102 /* ViewController.swift in Sources */ = {isa = PBXBuildFile; fileRef = 535E31DF287E98BA0033A102 /* ViewController.swift */; };
		535E31E3287E98BA0033A102 /* Main.storyboard in Resources */ = {isa = PBXBuildFile; fileRef = 535E31E1287E98BA0033A102 /* Main.storyboard */; };
		535E31E5287E98BB0033A102 /* Assets.xcassets in Resources */ = {isa = PBXBuildFile; fileRef = 535E31E4287E98BB0033A102 /* Assets.xcassets */; };
		535E31E8287E98BB0033A102 /* LaunchScreen.storyboard in Resources */ = {isa = PBXBuildFile; fileRef = 535E31E6287E98BB0033A102 /* LaunchScreen.storyboard */; };
		535E31F2287E99250033A102 /* Pretendard-Regular.otf in Resources */ = {isa = PBXBuildFile; fileRef = 535E31F0287E99250033A102 /* Pretendard-Regular.otf */; };
		535E31F3287E99250033A102 /* PretendardVariable.ttf in Resources */ = {isa = PBXBuildFile; fileRef = 535E31F1287E99250033A102 /* PretendardVariable.ttf */; };
		535E31F7287E996F0033A102 /* LoginViewController.swift in Sources */ = {isa = PBXBuildFile; fileRef = 535E31F6287E996F0033A102 /* LoginViewController.swift */; };
		535E31FF287E9A160033A102 /* InsetTextField.swift in Sources */ = {isa = PBXBuildFile; fileRef = 535E31FD287E99CD0033A102 /* InsetTextField.swift */; };
		535E3200287E9A1C0033A102 /* UIColor+Extension.swift in Sources */ = {isa = PBXBuildFile; fileRef = 535E31FE287E99CD0033A102 /* UIColor+Extension.swift */; };
/* End PBXBuildFile section */

/* Begin PBXFileReference section */
		535E31D8287E98BA0033A102 /* Mingle (Kang Hyunwoo).app */ = {isa = PBXFileReference; explicitFileType = wrapper.application; includeInIndex = 0; path = "Mingle (Kang Hyunwoo).app"; sourceTree = BUILT_PRODUCTS_DIR; };
		535E31DB287E98BA0033A102 /* AppDelegate.swift */ = {isa = PBXFileReference; lastKnownFileType = sourcecode.swift; path = AppDelegate.swift; sourceTree = "<group>"; };
		535E31DD287E98BA0033A102 /* SceneDelegate.swift */ = {isa = PBXFileReference; lastKnownFileType = sourcecode.swift; path = SceneDelegate.swift; sourceTree = "<group>"; };
		535E31DF287E98BA0033A102 /* ViewController.swift */ = {isa = PBXFileReference; lastKnownFileType = sourcecode.swift; path = ViewController.swift; sourceTree = "<group>"; };
		535E31E2287E98BA0033A102 /* Base */ = {isa = PBXFileReference; lastKnownFileType = file.storyboard; name = Base; path = Base.lproj/Main.storyboard; sourceTree = "<group>"; };
		535E31E4287E98BB0033A102 /* Assets.xcassets */ = {isa = PBXFileReference; lastKnownFileType = folder.assetcatalog; path = Assets.xcassets; sourceTree = "<group>"; };
		535E31E7287E98BB0033A102 /* Base */ = {isa = PBXFileReference; lastKnownFileType = file.storyboard; name = Base; path = Base.lproj/LaunchScreen.storyboard; sourceTree = "<group>"; };
		535E31E9287E98BB0033A102 /* Info.plist */ = {isa = PBXFileReference; lastKnownFileType = text.plist.xml; path = Info.plist; sourceTree = "<group>"; };
		535E31F0287E99250033A102 /* Pretendard-Regular.otf */ = {isa = PBXFileReference; lastKnownFileType = file; path = "Pretendard-Regular.otf"; sourceTree = "<group>"; };
		535E31F1287E99250033A102 /* PretendardVariable.ttf */ = {isa = PBXFileReference; lastKnownFileType = file; path = PretendardVariable.ttf; sourceTree = "<group>"; };
		535E31F6287E996F0033A102 /* LoginViewController.swift */ = {isa = PBXFileReference; lastKnownFileType = sourcecode.swift; path = LoginViewController.swift; sourceTree = "<group>"; };
		535E31FD287E99CD0033A102 /* InsetTextField.swift */ = {isa = PBXFileReference; lastKnownFileType = sourcecode.swift; path = InsetTextField.swift; sourceTree = "<group>"; };
		535E31FE287E99CD0033A102 /* UIColor+Extension.swift */ = {isa = PBXFileReference; lastKnownFileType = sourcecode.swift; path = "UIColor+Extension.swift"; sourceTree = "<group>"; };
/* End PBXFileReference section */

/* Begin PBXFrameworksBuildPhase section */
		535E31D5287E98BA0033A102 /* Frameworks */ = {
			isa = PBXFrameworksBuildPhase;
			buildActionMask = 2147483647;
			files = (
			);
			runOnlyForDeploymentPostprocessing = 0;
		};
/* End PBXFrameworksBuildPhase section */

/* Begin PBXGroup section */
		535E31CF287E98BA0033A102 = {
			isa = PBXGroup;
			children = (
				535E31DA287E98BA0033A102 /* Mingle (Kang Hyunwoo) */,
				535E31D9287E98BA0033A102 /* Products */,
			);
			sourceTree = "<group>";
		};
		535E31D9287E98BA0033A102 /* Products */ = {
			isa = PBXGroup;
			children = (
				535E31D8287E98BA0033A102 /* Mingle (Kang Hyunwoo).app */,
			);
			name = Products;
			sourceTree = "<group>";
		};
		535E31DA287E98BA0033A102 /* Mingle (Kang Hyunwoo) */ = {
			isa = PBXGroup;
			children = (
				535E31F4287E993B0033A102 /* Default */,
				535E31EF287E99250033A102 /* Fonts */,
				535E31F5287E99460033A102 /* Storyboard */,
				535E31DF287E98BA0033A102 /* ViewController.swift */,
				535E31F6287E996F0033A102 /* LoginViewController.swift */,
				535E31FD287E99CD0033A102 /* InsetTextField.swift */,
				535E31FE287E99CD0033A102 /* UIColor+Extension.swift */,
				535E31E4287E98BB0033A102 /* Assets.xcassets */,
				535E31E9287E98BB0033A102 /* Info.plist */,
			);
			path = "Mingle (Kang Hyunwoo)";
			sourceTree = "<group>";
		};
		535E31EF287E99250033A102 /* Fonts */ = {
			isa = PBXGroup;
			children = (
				535E31F0287E99250033A102 /* Pretendard-Regular.otf */,
				535E31F1287E99250033A102 /* PretendardVariable.ttf */,
			);
			path = Fonts;
			sourceTree = "<group>";
		};
		535E31F4287E993B0033A102 /* Default */ = {
			isa = PBXGroup;
			children = (
				535E31DB287E98BA0033A102 /* AppDelegate.swift */,
				535E31DD287E98BA0033A102 /* SceneDelegate.swift */,
			);
			path = Default;
			sourceTree = "<group>";
		};
		535E31F5287E99460033A102 /* Storyboard */ = {
			isa = PBXGroup;
			children = (
				535E31E1287E98BA0033A102 /* Main.storyboard */,
				535E31E6287E98BB0033A102 /* LaunchScreen.storyboard */,
			);
			path = Storyboard;
			sourceTree = "<group>";
		};
/* End PBXGroup section */

/* Begin PBXNativeTarget section */
		535E31D7287E98BA0033A102 /* Mingle (Kang Hyunwoo) */ = {
			isa = PBXNativeTarget;
			buildConfigurationList = 535E31EC287E98BB0033A102 /* Build configuration list for PBXNativeTarget "Mingle (Kang Hyunwoo)" */;
			buildPhases = (
				535E31D4287E98BA0033A102 /* Sources */,
				535E31D5287E98BA0033A102 /* Frameworks */,
				535E31D6287E98BA0033A102 /* Resources */,
			);
			buildRules = (
			);
			dependencies = (
			);
			name = "Mingle (Kang Hyunwoo)";
			productName = "Mingle (Kang Hyunwoo)";
			productReference = 535E31D8287E98BA0033A102 /* Mingle (Kang Hyunwoo).app */;
			productType = "com.apple.product-type.application";
		};
/* End PBXNativeTarget section */

/* Begin PBXProject section */
		535E31D0287E98BA0033A102 /* Project object */ = {
			isa = PBXProject;
			attributes = {
				BuildIndependentTargetsInParallel = 1;
				LastSwiftUpdateCheck = 1330;
				LastUpgradeCheck = 1330;
				TargetAttributes = {
					535E31D7287E98BA0033A102 = {
						CreatedOnToolsVersion = 13.3;
					};
				};
			};
			buildConfigurationList = 535E31D3287E98BA0033A102 /* Build configuration list for PBXProject "Mingle (Kang Hyunwoo)" */;
			compatibilityVersion = "Xcode 13.0";
			developmentRegion = en;
			hasScannedForEncodings = 0;
			knownRegions = (
				en,
				Base,
			);
			mainGroup = 535E31CF287E98BA0033A102;
			productRefGroup = 535E31D9287E98BA0033A102 /* Products */;
			projectDirPath = "";
			projectRoot = "";
			targets = (
				535E31D7287E98BA0033A102 /* Mingle (Kang Hyunwoo) */,
			);
		};
/* End PBXProject section */

/* Begin PBXResourcesBuildPhase section */
		535E31D6287E98BA0033A102 /* Resources */ = {
			isa = PBXResourcesBuildPhase;
			buildActionMask = 2147483647;
			files = (
				535E31F3287E99250033A102 /* PretendardVariable.ttf in Resources */,
				535E31E8287E98BB0033A102 /* LaunchScreen.storyboard in Resources */,
				535E31F2287E99250033A102 /* Pretendard-Regular.otf in Resources */,
				535E31E5287E98BB0033A102 /* Assets.xcassets in Resources */,
				535E31E3287E98BA0033A102 /* Main.storyboard in Resources */,
			);
			runOnlyForDeploymentPostprocessing = 0;
		};
/* End PBXResourcesBuildPhase section */

/* Begin PBXSourcesBuildPhase section */
		535E31D4287E98BA0033A102 /* Sources */ = {
			isa = PBXSourcesBuildPhase;
			buildActionMask = 2147483647;
			files = (
				535E31F7287E996F0033A102 /* LoginViewController.swift in Sources */,
				535E31FF287E9A160033A102 /* InsetTextField.swift in Sources */,
				535E31E0287E98BA0033A102 /* ViewController.swift in Sources */,
				535E3200287E9A1C0033A102 /* UIColor+Extension.swift in Sources */,
				535E31DC287E98BA0033A102 /* AppDelegate.swift in Sources */,
				535E31DE287E98BA0033A102 /* SceneDelegate.swift in Sources */,
			);
			runOnlyForDeploymentPostprocessing = 0;
		};
/* End PBXSourcesBuildPhase section */

/* Begin PBXVariantGroup section */
		535E31E1287E98BA0033A102 /* Main.storyboard */ = {
			isa = PBXVariantGroup;
			children = (
				535E31E2287E98BA0033A102 /* Base */,
			);
			name = Main.storyboard;
			sourceTree = "<group>";
		};
		535E31E6287E98BB0033A102 /* LaunchScreen.storyboard */ = {
			isa = PBXVariantGroup;
			children = (
				535E31E7287E98BB0033A102 /* Base */,
			);
			name = LaunchScreen.storyboard;
			sourceTree = "<group>";
		};
/* End PBXVariantGroup section */

/* Begin XCBuildConfiguration section */
		535E31EA287E98BB0033A102 /* Debug */ = {
			isa = XCBuildConfiguration;
			buildSettings = {
				ALWAYS_SEARCH_USER_PATHS = NO;
				CLANG_ANALYZER_NONNULL = YES;
				CLANG_ANALYZER_NUMBER_OBJECT_CONVERSION = YES_AGGRESSIVE;
				CLANG_CXX_LANGUAGE_STANDARD = "gnu++17";
				CLANG_ENABLE_MODULES = YES;
				CLANG_ENABLE_OBJC_ARC = YES;
				CLANG_ENABLE_OBJC_WEAK = YES;
				CLANG_WARN_BLOCK_CAPTURE_AUTORELEASING = YES;
				CLANG_WARN_BOOL_CONVERSION = YES;
				CLANG_WARN_COMMA = YES;
				CLANG_WARN_CONSTANT_CONVERSION = YES;
				CLANG_WARN_DEPRECATED_OBJC_IMPLEMENTATIONS = YES;
				CLANG_WARN_DIRECT_OBJC_ISA_USAGE = YES_ERROR;
				CLANG_WARN_DOCUMENTATION_COMMENTS = YES;
				CLANG_WARN_EMPTY_BODY = YES;
				CLANG_WARN_ENUM_CONVERSION = YES;
				CLANG_WARN_INFINITE_RECURSION = YES;
				CLANG_WARN_INT_CONVERSION = YES;
				CLANG_WARN_NON_LITERAL_NULL_CONVERSION = YES;
				CLANG_WARN_OBJC_IMPLICIT_RETAIN_SELF = YES;
				CLANG_WARN_OBJC_LITERAL_CONVERSION = YES;
				CLANG_WARN_OBJC_ROOT_CLASS = YES_ERROR;
				CLANG_WARN_QUOTED_INCLUDE_IN_FRAMEWORK_HEADER = YES;
				CLANG_WARN_RANGE_LOOP_ANALYSIS = YES;
				CLANG_WARN_STRICT_PROTOTYPES = YES;
				CLANG_WARN_SUSPICIOUS_MOVE = YES;
				CLANG_WARN_UNGUARDED_AVAILABILITY = YES_AGGRESSIVE;
				CLANG_WARN_UNREACHABLE_CODE = YES;
				CLANG_WARN__DUPLICATE_METHOD_MATCH = YES;
				COPY_PHASE_STRIP = NO;
				DEBUG_INFORMATION_FORMAT = dwarf;
				ENABLE_STRICT_OBJC_MSGSEND = YES;
				ENABLE_TESTABILITY = YES;
				GCC_C_LANGUAGE_STANDARD = gnu11;
				GCC_DYNAMIC_NO_PIC = NO;
				GCC_NO_COMMON_BLOCKS = YES;
				GCC_OPTIMIZATION_LEVEL = 0;
				GCC_PREPROCESSOR_DEFINITIONS = (
					"DEBUG=1",
					"$(inherited)",
				);
				GCC_WARN_64_TO_32_BIT_CONVERSION = YES;
				GCC_WARN_ABOUT_RETURN_TYPE = YES_ERROR;
				GCC_WARN_UNDECLARED_SELECTOR = YES;
				GCC_WARN_UNINITIALIZED_AUTOS = YES_AGGRESSIVE;
				GCC_WARN_UNUSED_FUNCTION = YES;
				GCC_WARN_UNUSED_VARIABLE = YES;
				IPHONEOS_DEPLOYMENT_TARGET = 15.4;
				MTL_ENABLE_DEBUG_INFO = INCLUDE_SOURCE;
				MTL_FAST_MATH = YES;
				ONLY_ACTIVE_ARCH = YES;
				SDKROOT = iphoneos;
				SWIFT_ACTIVE_COMPILATION_CONDITIONS = DEBUG;
				SWIFT_OPTIMIZATION_LEVEL = "-Onone";
			};
			name = Debug;
		};
		535E31EB287E98BB0033A102 /* Release */ = {
			isa = XCBuildConfiguration;
			buildSettings = {
				ALWAYS_SEARCH_USER_PATHS = NO;
				CLANG_ANALYZER_NONNULL = YES;
				CLANG_ANALYZER_NUMBER_OBJECT_CONVERSION = YES_AGGRESSIVE;
				CLANG_CXX_LANGUAGE_STANDARD = "gnu++17";
				CLANG_ENABLE_MODULES = YES;
				CLANG_ENABLE_OBJC_ARC = YES;
				CLANG_ENABLE_OBJC_WEAK = YES;
				CLANG_WARN_BLOCK_CAPTURE_AUTORELEASING = YES;
				CLANG_WARN_BOOL_CONVERSION = YES;
				CLANG_WARN_COMMA = YES;
				CLANG_WARN_CONSTANT_CONVERSION = YES;
				CLANG_WARN_DEPRECATED_OBJC_IMPLEMENTATIONS = YES;
				CLANG_WARN_DIRECT_OBJC_ISA_USAGE = YES_ERROR;
				CLANG_WARN_DOCUMENTATION_COMMENTS = YES;
				CLANG_WARN_EMPTY_BODY = YES;
				CLANG_WARN_ENUM_CONVERSION = YES;
				CLANG_WARN_INFINITE_RECURSION = YES;
				CLANG_WARN_INT_CONVERSION = YES;
				CLANG_WARN_NON_LITERAL_NULL_CONVERSION = YES;
				CLANG_WARN_OBJC_IMPLICIT_RETAIN_SELF = YES;
				CLANG_WARN_OBJC_LITERAL_CONVERSION = YES;
				CLANG_WARN_OBJC_ROOT_CLASS = YES_ERROR;
				CLANG_WARN_QUOTED_INCLUDE_IN_FRAMEWORK_HEADER = YES;
				CLANG_WARN_RANGE_LOOP_ANALYSIS = YES;
				CLANG_WARN_STRICT_PROTOTYPES = YES;
				CLANG_WARN_SUSPICIOUS_MOVE = YES;
				CLANG_WARN_UNGUARDED_AVAILABILITY = YES_AGGRESSIVE;
				CLANG_WARN_UNREACHABLE_CODE = YES;
				CLANG_WARN__DUPLICATE_METHOD_MATCH = YES;
				COPY_PHASE_STRIP = NO;
				DEBUG_INFORMATION_FORMAT = "dwarf-with-dsym";
				ENABLE_NS_ASSERTIONS = NO;
				ENABLE_STRICT_OBJC_MSGSEND = YES;
				GCC_C_LANGUAGE_STANDARD = gnu11;
				GCC_NO_COMMON_BLOCKS = YES;
				GCC_WARN_64_TO_32_BIT_CONVERSION = YES;
				GCC_WARN_ABOUT_RETURN_TYPE = YES_ERROR;
				GCC_WARN_UNDECLARED_SELECTOR = YES;
				GCC_WARN_UNINITIALIZED_AUTOS = YES_AGGRESSIVE;
				GCC_WARN_UNUSED_FUNCTION = YES;
				GCC_WARN_UNUSED_VARIABLE = YES;
				IPHONEOS_DEPLOYMENT_TARGET = 15.4;
				MTL_ENABLE_DEBUG_INFO = NO;
				MTL_FAST_MATH = YES;
				SDKROOT = iphoneos;
				SWIFT_COMPILATION_MODE = wholemodule;
				SWIFT_OPTIMIZATION_LEVEL = "-O";
				VALIDATE_PRODUCT = YES;
			};
			name = Release;
		};
		535E31ED287E98BB0033A102 /* Debug */ = {
			isa = XCBuildConfiguration;
			buildSettings = {
				ASSETCATALOG_COMPILER_APPICON_NAME = AppIcon;
				ASSETCATALOG_COMPILER_GLOBAL_ACCENT_COLOR_NAME = AccentColor;
				CODE_SIGN_STYLE = Automatic;
				CURRENT_PROJECT_VERSION = 1;
				DEVELOPMENT_TEAM = 99YAU42G9P;
				GENERATE_INFOPLIST_FILE = YES;
				INFOPLIST_FILE = "Mingle (Kang Hyunwoo)/Info.plist";
				INFOPLIST_KEY_UIApplicationSupportsIndirectInputEvents = YES;
				INFOPLIST_KEY_UILaunchStoryboardName = LaunchScreen;
				INFOPLIST_KEY_UIMainStoryboardFile = Main;
				INFOPLIST_KEY_UISupportedInterfaceOrientations_iPad = "UIInterfaceOrientationPortrait UIInterfaceOrientationPortraitUpsideDown UIInterfaceOrientationLandscapeLeft UIInterfaceOrientationLandscapeRight";
				INFOPLIST_KEY_UISupportedInterfaceOrientations_iPhone = "UIInterfaceOrientationPortrait UIInterfaceOrientationLandscapeLeft UIInterfaceOrientationLandscapeRight";
				LD_RUNPATH_SEARCH_PATHS = (
					"$(inherited)",
					"@executable_path/Frameworks",
				);
				MARKETING_VERSION = 1.0;
				PRODUCT_BUNDLE_IDENTIFIER = "Shawn.Mingle--Kang-Hyunwoo-";
				PRODUCT_NAME = "$(TARGET_NAME)";
				SWIFT_EMIT_LOC_STRINGS = YES;
				SWIFT_VERSION = 5.0;
				TARGETED_DEVICE_FAMILY = "1,2";
			};
			name = Debug;
		};
		535E31EE287E98BB0033A102 /* Release */ = {
			isa = XCBuildConfiguration;
			buildSettings = {
				ASSETCATALOG_COMPILER_APPICON_NAME = AppIcon;
				ASSETCATALOG_COMPILER_GLOBAL_ACCENT_COLOR_NAME = AccentColor;
				CODE_SIGN_STYLE = Automatic;
				CURRENT_PROJECT_VERSION = 1;
				DEVELOPMENT_TEAM = 99YAU42G9P;
				GENERATE_INFOPLIST_FILE = YES;
				INFOPLIST_FILE = "Mingle (Kang Hyunwoo)/Info.plist";
				INFOPLIST_KEY_UIApplicationSupportsIndirectInputEvents = YES;
				INFOPLIST_KEY_UILaunchStoryboardName = LaunchScreen;
				INFOPLIST_KEY_UIMainStoryboardFile = Main;
				INFOPLIST_KEY_UISupportedInterfaceOrientations_iPad = "UIInterfaceOrientationPortrait UIInterfaceOrientationPortraitUpsideDown UIInterfaceOrientationLandscapeLeft UIInterfaceOrientationLandscapeRight";
				INFOPLIST_KEY_UISupportedInterfaceOrientations_iPhone = "UIInterfaceOrientationPortrait UIInterfaceOrientationLandscapeLeft UIInterfaceOrientationLandscapeRight";
				LD_RUNPATH_SEARCH_PATHS = (
					"$(inherited)",
					"@executable_path/Frameworks",
				);
				MARKETING_VERSION = 1.0;
				PRODUCT_BUNDLE_IDENTIFIER = "Shawn.Mingle--Kang-Hyunwoo-";
				PRODUCT_NAME = "$(TARGET_NAME)";
				SWIFT_EMIT_LOC_STRINGS = YES;
				SWIFT_VERSION = 5.0;
				TARGETED_DEVICE_FAMILY = "1,2";
			};
			name = Release;
		};
/* End XCBuildConfiguration section */

/* Begin XCConfigurationList section */
		535E31D3287E98BA0033A102 /* Build configuration list for PBXProject "Mingle (Kang Hyunwoo)" */ = {
			isa = XCConfigurationList;
			buildConfigurations = (
				535E31EA287E98BB0033A102 /* Debug */,
				535E31EB287E98BB0033A102 /* Release */,
			);
			defaultConfigurationIsVisible = 0;
			defaultConfigurationName = Release;
		};
		535E31EC287E98BB0033A102 /* Build configuration list for PBXNativeTarget "Mingle (Kang Hyunwoo)" */ = {
			isa = XCConfigurationList;
			buildConfigurations = (
				535E31ED287E98BB0033A102 /* Debug */,
				535E31EE287E98BB0033A102 /* Release */,
			);
			defaultConfigurationIsVisible = 0;
			defaultConfigurationName = Release;
		};
/* End XCConfigurationList section */
	};
	rootObject = 535E31D0287E98BA0033A102 /* Project object */;
}
